
Microsoft Visual Studio Solution File, Format Version 12.00
# Visual Studio Version 17
VisualStudioVersion = 17.11.35219.272
MinimumVisualStudioVersion = 10.0.40219.1
Project("{FAE04EC0-301F-11D3-BF4B-00C04F79EFBC}") = "ChainOfResponsibilityPattern", "ChainOfResponsibilityPattern\ChainOfResponsibilityPattern.csproj", "{325C6318-74AD-4057-AF3C-70DF782216AB}"
EndProject
Global
	GlobalSection(SolutionConfigurationPlatforms) = preSolution
		Debug|Any CPU = Debug|Any CPU
		Release|Any CPU = Release|Any CPU
	EndGlobalSection
	GlobalSection(ProjectConfigurationPlatforms) = postSolution
		{325C6318-74AD-4057-AF3C-70DF782216AB}.Debug|Any CPU.ActiveCfg = Debug|Any CPU
		{325C6318-74AD-4057-AF3C-70DF782216AB}.Debug|Any CPU.Build.0 = Debug|Any CPU
		{325C6318-74AD-4057-AF3C-70DF782216AB}.Release|Any CPU.ActiveCfg = Release|Any CPU
		{325C6318-74AD-4057-AF3C-70DF782216AB}.Release|Any CPU.Build.0 = Release|Any CPU
	EndGlobalSection
	GlobalSection(SolutionProperties) = preSolution
		HideSolutionNode = FALSE
	EndGlobalSection
	GlobalSection(ExtensibilityGlobals) = postSolution
		SolutionGuid = {6A9BE412-5D70-4B32-8394-BB202EB087E4}
	EndGlobalSection
EndGlobal
